
Microsoft Visual Studio Solution File, Format Version 12.00
# Visual Studio 2012
Project("{FAE04EC0-301F-11D3-BF4B-00C04F79EFBC}") = "Gladkikh.Nsudotnet.LinesCounter", "Gladkikh.Nsudotnet.LinesCounter.csproj", "{B489A024-A9CD-45B9-90B5-536A2EE55E79}"
EndProject
Global
	GlobalSection(SolutionConfigurationPlatforms) = preSolution
		Debug|Any CPU = Debug|Any CPU
		Release|Any CPU = Release|Any CPU
	EndGlobalSection
	GlobalSection(ProjectConfigurationPlatforms) = postSolution
		{B489A024-A9CD-45B9-90B5-536A2EE55E79}.Debug|Any CPU.ActiveCfg = Debug|Any CPU
		{B489A024-A9CD-45B9-90B5-536A2EE55E79}.Debug|Any CPU.Build.0 = Debug|Any CPU
		{B489A024-A9CD-45B9-90B5-536A2EE55E79}.Release|Any CPU.ActiveCfg = Release|Any CPU
		{B489A024-A9CD-45B9-90B5-536A2EE55E79}.Release|Any CPU.Build.0 = Release|Any CPU
	EndGlobalSection
	GlobalSection(SolutionProperties) = preSolution
		HideSolutionNode = FALSE
	EndGlobalSection
EndGlobal
