
Microsoft Visual Studio Solution File, Format Version 12.00
# Visual Studio 2012
Project("{FAE04EC0-301F-11D3-BF4B-00C04F79EFBC}") = "Gladkikh.Nsudotnet.NumberGuesser", "Gladkikh.Nsudotnet.NumberGuesser.csproj", "{67CAA95D-521C-4FB2-81E4-69BEE0121DEF}"
EndProject
Global
	GlobalSection(SolutionConfigurationPlatforms) = preSolution
		Debug|Any CPU = Debug|Any CPU
		Release|Any CPU = Release|Any CPU
	EndGlobalSection
	GlobalSection(ProjectConfigurationPlatforms) = postSolution
		{67CAA95D-521C-4FB2-81E4-69BEE0121DEF}.Debug|Any CPU.ActiveCfg = Debug|Any CPU
		{67CAA95D-521C-4FB2-81E4-69BEE0121DEF}.Debug|Any CPU.Build.0 = Debug|Any CPU
		{67CAA95D-521C-4FB2-81E4-69BEE0121DEF}.Release|Any CPU.ActiveCfg = Release|Any CPU
		{67CAA95D-521C-4FB2-81E4-69BEE0121DEF}.Release|Any CPU.Build.0 = Release|Any CPU
	EndGlobalSection
	GlobalSection(SolutionProperties) = preSolution
		HideSolutionNode = FALSE
	EndGlobalSection
EndGlobal
